
Microsoft Visual Studio Solution File, Format Version 12.00
# Visual Studio 15
VisualStudioVersion = 15.0.26430.16
MinimumVisualStudioVersion = 10.0.40219.1
Project("{FAE04EC0-301F-11D3-BF4B-00C04F79EFBC}") = "ReportManager", "ReportManager\ReportManager.csproj", "{7C7A0FBD-7CA6-497E-822E-E1AFF07CCACF}"
EndProject
Global
	GlobalSection(SolutionConfigurationPlatforms) = preSolution
		Debug|Any CPU = Debug|Any CPU
		Release|Any CPU = Release|Any CPU
	EndGlobalSection
	GlobalSection(ProjectConfigurationPlatforms) = postSolution
		{7C7A0FBD-7CA6-497E-822E-E1AFF07CCACF}.Debug|Any CPU.ActiveCfg = Debug|Any CPU
		{7C7A0FBD-7CA6-497E-822E-E1AFF07CCACF}.Debug|Any CPU.Build.0 = Debug|Any CPU
		{7C7A0FBD-7CA6-497E-822E-E1AFF07CCACF}.Release|Any CPU.ActiveCfg = Release|Any CPU
		{7C7A0FBD-7CA6-497E-822E-E1AFF07CCACF}.Release|Any CPU.Build.0 = Release|Any CPU
	EndGlobalSection
	GlobalSection(SolutionProperties) = preSolution
		HideSolutionNode = FALSE
	EndGlobalSection
EndGlobal
